dependencies:
- name: clickhouse
  repository: file://../../helmfile/charts/clickhouse
  version: 0.1.0
- name: mariadb
  repository: oci://registry-1.docker.io/bitnamicharts
  version: 20.0.0
- name: redis
  repository: oci://registry-1.docker.io/bitnamicharts
  version: 21.0.3
- name: redpanda
  repository: https://charts.redpanda.com
  version: 5.0.10
- name: insight-api-gateway
  repository: file://../../src/backend/services/api-gateway/helm
  version: 0.1.0
- name: insight-analytics-api
  repository: file://../../src/backend/services/analytics-api/helm
  version: 0.1.0
- name: insight-identity
  repository: file://../../src/backend/services/identity/helm
  version: 0.1.0
- name: insight-frontend
  repository: file://../../src/frontend/helm
  version: 0.1.0
digest: sha256:c459b435deac85d6312a9ac5ad4022c3e4f2c9d62d972b237a24b8b7fa915b69
generated: "2026-05-12T13:07:43.7606569+02:00"
